{
  "name": "google-doodles-app",
  "version": "1.0.0",
  "lockfileVersion": 1,
  "requires": true,
  "dependencies": {
    "@vant/weapp": {
      "version": "1.7.2",
      "resolved": "https://registry.npmjs.org/@vant/weapp/-/weapp-1.7.2.tgz",
      "integrity": "sha512-hI5tCJuzi1xDVpX8oP1GCBwpGHiu1+jA+9rMVggFwpF/6W6itk3Oggt3tT1nhN1WumcCwafnluBnqooOExFdDA=="
    },
    "miniprogram-api-typings": {
      "version": "3.4.2",
      "resolved": "https://registry.npmjs.org/miniprogram-api-typings/-/miniprogram-api-typings-3.4.2.tgz",
      "integrity": "sha512-3mNPdzSWl6VY34Wc3gRRxJ+P6XkXEYDoZppDq9565unmc4HKp7TIxuOmFSt0xA+jX50NPFAz+Q1dEfv5No8+Wg==",
      "dev": true
    },
    "typescript": {
      "version": "3.9.10",
      "resolved": "https://registry.npmjs.org/typescript/-/typescript-3.9.10.tgz",
      "integrity": "sha512-w6fIxVE/H1PkLKcCPsFqKE7Kv7QUwhU8qQY2MueZXWx5cPZdwFupLgKK3vntcK98BtNHZtAF4LA/yl2a7k8R6Q==",
      "dev": true
    }
  }
}
